# This file is automatically @generated by Cargo.
# It is not intended for manual editing.
version = 4

[[package]]
name = "layerrun-cli"
version = "0.1.0"
dependencies = [
 "layerrun-core",
]

[[package]]
name = "layerrun-core"
version = "0.1.0"

[[package]]
name = "layerrun-server"
version = "0.1.0"
dependencies = [
 "layerrun-core",
]
